
Microsoft Visual Studio Solution File, Format Version 12.00
# Visual Studio Version 16
VisualStudioVersion = 16.0.29009.5
MinimumVisualStudioVersion = 10.0.40219.1
Project("{FAE04EC0-301F-11D3-BF4B-00C04F79EFBC}") = "CustomControlLib", "CustomControlLib\CustomControlLib.csproj", "{4F6F6F5A-357F-40A4-B20C-EFA4DF688E84}"
EndProject
Project("{FAE04EC0-301F-11D3-BF4B-00C04F79EFBC}") = "EasyJob ProDG.UITests", "EasyJob Pro DG.UITests\EasyJob ProDG.UITests.csproj", "{9C6AE9A2-521C-41BF-AD74-16239B1A385E}"
EndProject
Project("{FAE04EC0-301F-11D3-BF4B-00C04F79EFBC}") = "EasyJob ProDG.Model", "EasyJob Pro DG.Model\EasyJob ProDG.Model.csproj", "{2C1D5D86-43AA-4B3D-864C-B340A9A2E98D}"
EndProject
Project("{FAE04EC0-301F-11D3-BF4B-00C04F79EFBC}") = "EasyJob ProDG.ModelTests", "EasyJob Pro DG.ModelTests\EasyJob ProDG.ModelTests.csproj", "{474235F6-C417-411D-AB4C-9C1F2FB135CE}"
EndProject
Project("{FAE04EC0-301F-11D3-BF4B-00C04F79EFBC}") = "EasyJob ProDG.Data", "EasyJob Pro DG.Data\EasyJob ProDG.Data.csproj", "{28954ABF-1197-4D06-991F-84CD96FBC659}"
EndProject
Project("{FAE04EC0-301F-11D3-BF4B-00C04F79EFBC}") = "EasyJob ProDG.UI", "EasyJob Pro DG.UI\EasyJob ProDG.UI.csproj", "{DB591F28-B169-4DC5-AA75-7E2835D4CFC3}"
EndProject
Project("{2150E333-8FDC-42A3-9474-1A3956D46DE8}") = "Solution Items", "Solution Items", "{7882AB03-2FDA-44A4-B40A-692BC1CE0591}"
	ProjectSection(SolutionItems) = preProject
		Version info.txt = Version info.txt
	EndProjectSection
EndProject
Global
	GlobalSection(SolutionConfigurationPlatforms) = preSolution
		Debug|Any CPU = Debug|Any CPU
		Release|Any CPU = Release|Any CPU
	EndGlobalSection
	GlobalSection(ProjectConfigurationPlatforms) = postSolution
		{4F6F6F5A-357F-40A4-B20C-EFA4DF688E84}.Debug|Any CPU.ActiveCfg = Debug|Any CPU
		{4F6F6F5A-357F-40A4-B20C-EFA4DF688E84}.Debug|Any CPU.Build.0 = Debug|Any CPU
		{4F6F6F5A-357F-40A4-B20C-EFA4DF688E84}.Release|Any CPU.ActiveCfg = Release|Any CPU
		{4F6F6F5A-357F-40A4-B20C-EFA4DF688E84}.Release|Any CPU.Build.0 = Release|Any CPU
		{9C6AE9A2-521C-41BF-AD74-16239B1A385E}.Debug|Any CPU.ActiveCfg = Debug|Any CPU
		{9C6AE9A2-521C-41BF-AD74-16239B1A385E}.Debug|Any CPU.Build.0 = Debug|Any CPU
		{9C6AE9A2-521C-41BF-AD74-16239B1A385E}.Release|Any CPU.ActiveCfg = Release|Any CPU
		{9C6AE9A2-521C-41BF-AD74-16239B1A385E}.Release|Any CPU.Build.0 = Release|Any CPU
		{2C1D5D86-43AA-4B3D-864C-B340A9A2E98D}.Debug|Any CPU.ActiveCfg = Debug|Any CPU
		{2C1D5D86-43AA-4B3D-864C-B340A9A2E98D}.Debug|Any CPU.Build.0 = Debug|Any CPU
		{2C1D5D86-43AA-4B3D-864C-B340A9A2E98D}.Release|Any CPU.ActiveCfg = Release|Any CPU
		{2C1D5D86-43AA-4B3D-864C-B340A9A2E98D}.Release|Any CPU.Build.0 = Release|Any CPU
		{474235F6-C417-411D-AB4C-9C1F2FB135CE}.Debug|Any CPU.ActiveCfg = Debug|Any CPU
		{474235F6-C417-411D-AB4C-9C1F2FB135CE}.Debug|Any CPU.Build.0 = Debug|Any CPU
		{474235F6-C417-411D-AB4C-9C1F2FB135CE}.Release|Any CPU.ActiveCfg = Release|Any CPU
		{474235F6-C417-411D-AB4C-9C1F2FB135CE}.Release|Any CPU.Build.0 = Release|Any CPU
		{28954ABF-1197-4D06-991F-84CD96FBC659}.Debug|Any CPU.ActiveCfg = Debug|Any CPU
		{28954ABF-1197-4D06-991F-84CD96FBC659}.Debug|Any CPU.Build.0 = Debug|Any CPU
		{28954ABF-1197-4D06-991F-84CD96FBC659}.Release|Any CPU.ActiveCfg = Release|Any CPU
		{28954ABF-1197-4D06-991F-84CD96FBC659}.Release|Any CPU.Build.0 = Release|Any CPU
		{DB591F28-B169-4DC5-AA75-7E2835D4CFC3}.Debug|Any CPU.ActiveCfg = Debug|Any CPU
		{DB591F28-B169-4DC5-AA75-7E2835D4CFC3}.Debug|Any CPU.Build.0 = Debug|Any CPU
		{DB591F28-B169-4DC5-AA75-7E2835D4CFC3}.Release|Any CPU.ActiveCfg = Release|Any CPU
		{DB591F28-B169-4DC5-AA75-7E2835D4CFC3}.Release|Any CPU.Build.0 = Release|Any CPU
	EndGlobalSection
	GlobalSection(SolutionProperties) = preSolution
		HideSolutionNode = FALSE
	EndGlobalSection
	GlobalSection(ExtensibilityGlobals) = postSolution
		SolutionGuid = {0A2E96BF-4F0A-408B-BA78-3C59A4AA707E}
	EndGlobalSection
EndGlobal
